
Microsoft Visual Studio Solution File, Format Version 12.00
# Visual Studio 15
VisualStudioVersion = 15.0.27004.2005
MinimumVisualStudioVersion = 10.0.40219.1
Project("{FAE04EC0-301F-11D3-BF4B-00C04F79EFBC}") = "Builder Pattern", "src\GoF-Creational\Builder Pattern\Builder Pattern.csproj", "{630148F7-6F97-42B5-9005-FB83ADB2DB98}"
EndProject
Project("{FAE04EC0-301F-11D3-BF4B-00C04F79EFBC}") = "Factory Pattern", "src\GoF-Creational\Factory Pattern\Factory Pattern.csproj", "{2ED4AE23-1197-41D8-9261-8872CE25B83C}"
EndProject
Project("{FAE04EC0-301F-11D3-BF4B-00C04F79EFBC}") = "Singleton Pattern", "src\GoF-Creational\Singleton Pattern\Singleton Pattern.csproj", "{1543A402-8619-4579-8DC2-E2F34B569658}"
EndProject
Project("{2150E333-8FDC-42A3-9474-1A3956D46DE8}") = "GoF-Creational", "GoF-Creational", "{9FC6D38D-5046-4B9D-8D2B-3321903DD243}"
EndProject
Project("{FAE04EC0-301F-11D3-BF4B-00C04F79EFBC}") = "Prototype Pattern", "src\GoF-Creational\Prototype Pattern\Prototype Pattern.csproj", "{236857AD-92C6-48DE-A95C-E42A275CBC8C}"
EndProject
Project("{FAE04EC0-301F-11D3-BF4B-00C04F79EFBC}") = "Abstract Factory Pattern", "src\GoF-Creational\Abstract Factory Pattern\Abstract Factory Pattern.csproj", "{EE5A9BE4-BAEF-4804-9562-8FFE70CFE3C8}"
EndProject
Project("{FAE04EC0-301F-11D3-BF4B-00C04F79EFBC}") = "Multiton Pattern", "src\GoF-Creational\Multiton Pattern\Multiton Pattern.csproj", "{6177BF6C-BBA4-4BFE-8D35-E1AF07E1CD04}"
EndProject
Project("{FAE04EC0-301F-11D3-BF4B-00C04F79EFBC}") = "Adapter Pattern", "src\GoF-Structural\Adapter Pattern\Adapter Pattern.csproj", "{122FD946-2812-424E-8129-0B643470D734}"
EndProject
Project("{2150E333-8FDC-42A3-9474-1A3956D46DE8}") = "GoF-Structural", "GoF-Structural", "{FFDC4E6C-2608-4D33-B8E2-20CFD628DEAA}"
EndProject
Project("{FAE04EC0-301F-11D3-BF4B-00C04F79EFBC}") = "Bridge Pattern", "src\GoF-Structural\Bridge Pattern\Bridge Pattern.csproj", "{9844A9AA-7C33-4CD6-BA45-912F8D846AD0}"
EndProject
Project("{FAE04EC0-301F-11D3-BF4B-00C04F79EFBC}") = "Composite Pattern", "src\GoF-Structural\Composite Pattern\Composite Pattern.csproj", "{96943F8B-8CD4-4713-BC81-782C42E2706B}"
EndProject
Project("{FAE04EC0-301F-11D3-BF4B-00C04F79EFBC}") = "Decorator Pattern", "src\GoF-Structural\Decorator Pattern\Decorator Pattern.csproj", "{71E6CB0B-E25C-4D2F-AE1C-352328A6FBBA}"
EndProject
Project("{FAE04EC0-301F-11D3-BF4B-00C04F79EFBC}") = "Facade Pattern", "src\GoF-Structural\Facade Pattern\Facade Pattern.csproj", "{3C0F9CD6-8441-4A98-A198-F27E6DC32B9C}"
EndProject
Project("{FAE04EC0-301F-11D3-BF4B-00C04F79EFBC}") = "Flyweight Pattern", "src\GoF-Structural\Flyweight Pattern\Flyweight Pattern.csproj", "{68639933-3E29-44B7-8AF6-6ED489FF7DF5}"
EndProject
Project("{FAE04EC0-301F-11D3-BF4B-00C04F79EFBC}") = "Proxy Pattern", "src\GoF-Structural\Proxy Pattern\Proxy Pattern.csproj", "{66B370E0-C745-4400-9DD2-D01BADA94A3B}"
EndProject
Project("{2150E333-8FDC-42A3-9474-1A3956D46DE8}") = "GoF-Behavioral", "GoF-Behavioral", "{F225A6D1-A9A6-476E-8907-BE8B37C2FAF7}"
EndProject
Project("{FAE04EC0-301F-11D3-BF4B-00C04F79EFBC}") = "Chain of responsibility Pattern", "src\GoF-Behavioral\Chain of responsibility Pattern\Chain of responsibility Pattern.csproj", "{23358968-CC00-4675-A1C0-51C64FA17200}"
EndProject
Project("{FAE04EC0-301F-11D3-BF4B-00C04F79EFBC}") = "Command Pattern", "src\GoF-Behavioral\Command Pattern\Command Pattern.csproj", "{E3A3FAD9-BE35-4A0C-9922-D474A0723273}"
EndProject
Project("{FAE04EC0-301F-11D3-BF4B-00C04F79EFBC}") = "Interpreter Pattern", "src\GoF-Behavioral\Interpreter Pattern\Interpreter Pattern.csproj", "{4D71AD43-E1BB-4C03-8554-CF0B8AE89FC3}"
EndProject
Project("{FAE04EC0-301F-11D3-BF4B-00C04F79EFBC}") = "Iterator Pattern", "src\GoF-Behavioral\Iterator Pattern\Iterator Pattern.csproj", "{CB29F04D-1800-40BA-8037-87AC174D044F}"
EndProject
Project("{FAE04EC0-301F-11D3-BF4B-00C04F79EFBC}") = "Mediator Pattern", "src\GoF-Behavioral\Mediator Pattern\Mediator Pattern.csproj", "{2D19D8B3-A26F-41EC-B5F7-0D1003AE21E4}"
EndProject
Project("{FAE04EC0-301F-11D3-BF4B-00C04F79EFBC}") = "Memento Pattern", "src\GoF-Behavioral\Memento Pattern\Memento Pattern.csproj", "{4E60F517-0D90-4A22-BCB6-11DB1F7E4D43}"
EndProject
Project("{FAE04EC0-301F-11D3-BF4B-00C04F79EFBC}") = "Observer Pattern", "src\GoF-Behavioral\Observer Pattern\Observer Pattern.csproj", "{8FE73E32-FA45-4705-8FA0-B31DA1B58DC7}"
EndProject
Project("{FAE04EC0-301F-11D3-BF4B-00C04F79EFBC}") = "State Pattern", "src\GoF-Behavioral\State Pattern\State Pattern.csproj", "{6AEF5084-7438-428B-B894-77193E79FF46}"
EndProject
Project("{FAE04EC0-301F-11D3-BF4B-00C04F79EFBC}") = "Strategy Pattern", "src\GoF-Behavioral\Strategy Pattern\Strategy Pattern.csproj", "{C2E6C16F-7F8B-46ED-A066-A9EC54125136}"
EndProject
Project("{FAE04EC0-301F-11D3-BF4B-00C04F79EFBC}") = "Template Method Pattern", "src\GoF-Behavioral\Template Method Pattern\Template Method Pattern.csproj", "{D80192D6-72F7-4823-A71C-DC08B0F56140}"
EndProject
Global
	GlobalSection(SolutionConfigurationPlatforms) = preSolution
		Debug|Any CPU = Debug|Any CPU
		Release|Any CPU = Release|Any CPU
	EndGlobalSection
	GlobalSection(ProjectConfigurationPlatforms) = postSolution
		{630148F7-6F97-42B5-9005-FB83ADB2DB98}.Debug|Any CPU.ActiveCfg = Debug|Any CPU
		{630148F7-6F97-42B5-9005-FB83ADB2DB98}.Debug|Any CPU.Build.0 = Debug|Any CPU
		{630148F7-6F97-42B5-9005-FB83ADB2DB98}.Release|Any CPU.ActiveCfg = Release|Any CPU
		{630148F7-6F97-42B5-9005-FB83ADB2DB98}.Release|Any CPU.Build.0 = Release|Any CPU
		{2ED4AE23-1197-41D8-9261-8872CE25B83C}.Debug|Any CPU.ActiveCfg = Debug|Any CPU
		{2ED4AE23-1197-41D8-9261-8872CE25B83C}.Debug|Any CPU.Build.0 = Debug|Any CPU
		{2ED4AE23-1197-41D8-9261-8872CE25B83C}.Release|Any CPU.ActiveCfg = Release|Any CPU
		{2ED4AE23-1197-41D8-9261-8872CE25B83C}.Release|Any CPU.Build.0 = Release|Any CPU
		{1543A402-8619-4579-8DC2-E2F34B569658}.Debug|Any CPU.ActiveCfg = Debug|Any CPU
		{1543A402-8619-4579-8DC2-E2F34B569658}.Debug|Any CPU.Build.0 = Debug|Any CPU
		{1543A402-8619-4579-8DC2-E2F34B569658}.Release|Any CPU.ActiveCfg = Release|Any CPU
		{1543A402-8619-4579-8DC2-E2F34B569658}.Release|Any CPU.Build.0 = Release|Any CPU
		{236857AD-92C6-48DE-A95C-E42A275CBC8C}.Debug|Any CPU.ActiveCfg = Debug|Any CPU
		{236857AD-92C6-48DE-A95C-E42A275CBC8C}.Debug|Any CPU.Build.0 = Debug|Any CPU
		{236857AD-92C6-48DE-A95C-E42A275CBC8C}.Release|Any CPU.ActiveCfg = Release|Any CPU
		{236857AD-92C6-48DE-A95C-E42A275CBC8C}.Release|Any CPU.Build.0 = Release|Any CPU
		{EE5A9BE4-BAEF-4804-9562-8FFE70CFE3C8}.Debug|Any CPU.ActiveCfg = Debug|Any CPU
		{EE5A9BE4-BAEF-4804-9562-8FFE70CFE3C8}.Debug|Any CPU.Build.0 = Debug|Any CPU
		{EE5A9BE4-BAEF-4804-9562-8FFE70CFE3C8}.Release|Any CPU.ActiveCfg = Release|Any CPU
		{EE5A9BE4-BAEF-4804-9562-8FFE70CFE3C8}.Release|Any CPU.Build.0 = Release|Any CPU
		{6177BF6C-BBA4-4BFE-8D35-E1AF07E1CD04}.Debug|Any CPU.ActiveCfg = Debug|Any CPU
		{6177BF6C-BBA4-4BFE-8D35-E1AF07E1CD04}.Debug|Any CPU.Build.0 = Debug|Any CPU
		{6177BF6C-BBA4-4BFE-8D35-E1AF07E1CD04}.Release|Any CPU.ActiveCfg = Release|Any CPU
		{6177BF6C-BBA4-4BFE-8D35-E1AF07E1CD04}.Release|Any CPU.Build.0 = Release|Any CPU
		{122FD946-2812-424E-8129-0B643470D734}.Debug|Any CPU.ActiveCfg = Debug|Any CPU
		{122FD946-2812-424E-8129-0B643470D734}.Debug|Any CPU.Build.0 = Debug|Any CPU
		{122FD946-2812-424E-8129-0B643470D734}.Release|Any CPU.ActiveCfg = Release|Any CPU
		{122FD946-2812-424E-8129-0B643470D734}.Release|Any CPU.Build.0 = Release|Any CPU
		{9844A9AA-7C33-4CD6-BA45-912F8D846AD0}.Debug|Any CPU.ActiveCfg = Debug|Any CPU
		{9844A9AA-7C33-4CD6-BA45-912F8D846AD0}.Debug|Any CPU.Build.0 = Debug|Any CPU
		{9844A9AA-7C33-4CD6-BA45-912F8D846AD0}.Release|Any CPU.ActiveCfg = Release|Any CPU
		{9844A9AA-7C33-4CD6-BA45-912F8D846AD0}.Release|Any CPU.Build.0 = Release|Any CPU
		{96943F8B-8CD4-4713-BC81-782C42E2706B}.Debug|Any CPU.ActiveCfg = Debug|Any CPU
		{96943F8B-8CD4-4713-BC81-782C42E2706B}.Debug|Any CPU.Build.0 = Debug|Any CPU
		{96943F8B-8CD4-4713-BC81-782C42E2706B}.Release|Any CPU.ActiveCfg = Release|Any CPU
		{96943F8B-8CD4-4713-BC81-782C42E2706B}.Release|Any CPU.Build.0 = Release|Any CPU
		{71E6CB0B-E25C-4D2F-AE1C-352328A6FBBA}.Debug|Any CPU.ActiveCfg = Debug|Any CPU
		{71E6CB0B-E25C-4D2F-AE1C-352328A6FBBA}.Debug|Any CPU.Build.0 = Debug|Any CPU
		{71E6CB0B-E25C-4D2F-AE1C-352328A6FBBA}.Release|Any CPU.ActiveCfg = Release|Any CPU
		{71E6CB0B-E25C-4D2F-AE1C-352328A6FBBA}.Release|Any CPU.Build.0 = Release|Any CPU
		{3C0F9CD6-8441-4A98-A198-F27E6DC32B9C}.Debug|Any CPU.ActiveCfg = Debug|Any CPU
		{3C0F9CD6-8441-4A98-A198-F27E6DC32B9C}.Debug|Any CPU.Build.0 = Debug|Any CPU
		{3C0F9CD6-8441-4A98-A198-F27E6DC32B9C}.Release|Any CPU.ActiveCfg = Release|Any CPU
		{3C0F9CD6-8441-4A98-A198-F27E6DC32B9C}.Release|Any CPU.Build.0 = Release|Any CPU
		{68639933-3E29-44B7-8AF6-6ED489FF7DF5}.Debug|Any CPU.ActiveCfg = Debug|Any CPU
		{68639933-3E29-44B7-8AF6-6ED489FF7DF5}.Debug|Any CPU.Build.0 = Debug|Any CPU
		{68639933-3E29-44B7-8AF6-6ED489FF7DF5}.Release|Any CPU.ActiveCfg = Release|Any CPU
		{68639933-3E29-44B7-8AF6-6ED489FF7DF5}.Release|Any CPU.Build.0 = Release|Any CPU
		{66B370E0-C745-4400-9DD2-D01BADA94A3B}.Debug|Any CPU.ActiveCfg = Debug|Any CPU
		{66B370E0-C745-4400-9DD2-D01BADA94A3B}.Debug|Any CPU.Build.0 = Debug|Any CPU
		{66B370E0-C745-4400-9DD2-D01BADA94A3B}.Release|Any CPU.ActiveCfg = Release|Any CPU
		{66B370E0-C745-4400-9DD2-D01BADA94A3B}.Release|Any CPU.Build.0 = Release|Any CPU
		{23358968-CC00-4675-A1C0-51C64FA17200}.Debug|Any CPU.ActiveCfg = Debug|Any CPU
		{23358968-CC00-4675-A1C0-51C64FA17200}.Debug|Any CPU.Build.0 = Debug|Any CPU
		{23358968-CC00-4675-A1C0-51C64FA17200}.Release|Any CPU.ActiveCfg = Release|Any CPU
		{23358968-CC00-4675-A1C0-51C64FA17200}.Release|Any CPU.Build.0 = Release|Any CPU
		{E3A3FAD9-BE35-4A0C-9922-D474A0723273}.Debug|Any CPU.ActiveCfg = Debug|Any CPU
		{E3A3FAD9-BE35-4A0C-9922-D474A0723273}.Debug|Any CPU.Build.0 = Debug|Any CPU
		{E3A3FAD9-BE35-4A0C-9922-D474A0723273}.Release|Any CPU.ActiveCfg = Release|Any CPU
		{E3A3FAD9-BE35-4A0C-9922-D474A0723273}.Release|Any CPU.Build.0 = Release|Any CPU
		{4D71AD43-E1BB-4C03-8554-CF0B8AE89FC3}.Debug|Any CPU.ActiveCfg = Debug|Any CPU
		{4D71AD43-E1BB-4C03-8554-CF0B8AE89FC3}.Debug|Any CPU.Build.0 = Debug|Any CPU
		{4D71AD43-E1BB-4C03-8554-CF0B8AE89FC3}.Release|Any CPU.ActiveCfg = Release|Any CPU
		{4D71AD43-E1BB-4C03-8554-CF0B8AE89FC3}.Release|Any CPU.Build.0 = Release|Any CPU
		{CB29F04D-1800-40BA-8037-87AC174D044F}.Debug|Any CPU.ActiveCfg = Debug|Any CPU
		{CB29F04D-1800-40BA-8037-87AC174D044F}.Debug|Any CPU.Build.0 = Debug|Any CPU
		{CB29F04D-1800-40BA-8037-87AC174D044F}.Release|Any CPU.ActiveCfg = Release|Any CPU
		{CB29F04D-1800-40BA-8037-87AC174D044F}.Release|Any CPU.Build.0 = Release|Any CPU
		{2D19D8B3-A26F-41EC-B5F7-0D1003AE21E4}.Debug|Any CPU.ActiveCfg = Debug|Any CPU
		{2D19D8B3-A26F-41EC-B5F7-0D1003AE21E4}.Debug|Any CPU.Build.0 = Debug|Any CPU
		{2D19D8B3-A26F-41EC-B5F7-0D1003AE21E4}.Release|Any CPU.ActiveCfg = Release|Any CPU
		{2D19D8B3-A26F-41EC-B5F7-0D1003AE21E4}.Release|Any CPU.Build.0 = Release|Any CPU
		{4E60F517-0D90-4A22-BCB6-11DB1F7E4D43}.Debug|Any CPU.ActiveCfg = Debug|Any CPU
		{4E60F517-0D90-4A22-BCB6-11DB1F7E4D43}.Debug|Any CPU.Build.0 = Debug|Any CPU
		{4E60F517-0D90-4A22-BCB6-11DB1F7E4D43}.Release|Any CPU.ActiveCfg = Release|Any CPU
		{4E60F517-0D90-4A22-BCB6-11DB1F7E4D43}.Release|Any CPU.Build.0 = Release|Any CPU
		{8FE73E32-FA45-4705-8FA0-B31DA1B58DC7}.Debug|Any CPU.ActiveCfg = Debug|Any CPU
		{8FE73E32-FA45-4705-8FA0-B31DA1B58DC7}.Debug|Any CPU.Build.0 = Debug|Any CPU
		{8FE73E32-FA45-4705-8FA0-B31DA1B58DC7}.Release|Any CPU.ActiveCfg = Release|Any CPU
		{8FE73E32-FA45-4705-8FA0-B31DA1B58DC7}.Release|Any CPU.Build.0 = Release|Any CPU
		{6AEF5084-7438-428B-B894-77193E79FF46}.Debug|Any CPU.ActiveCfg = Debug|Any CPU
		{6AEF5084-7438-428B-B894-77193E79FF46}.Debug|Any CPU.Build.0 = Debug|Any CPU
		{6AEF5084-7438-428B-B894-77193E79FF46}.Release|Any CPU.ActiveCfg = Release|Any CPU
		{6AEF5084-7438-428B-B894-77193E79FF46}.Release|Any CPU.Build.0 = Release|Any CPU
		{C2E6C16F-7F8B-46ED-A066-A9EC54125136}.Debug|Any CPU.ActiveCfg = Debug|Any CPU
		{C2E6C16F-7F8B-46ED-A066-A9EC54125136}.Debug|Any CPU.Build.0 = Debug|Any CPU
		{C2E6C16F-7F8B-46ED-A066-A9EC54125136}.Release|Any CPU.ActiveCfg = Release|Any CPU
		{C2E6C16F-7F8B-46ED-A066-A9EC54125136}.Release|Any CPU.Build.0 = Release|Any CPU
		{D80192D6-72F7-4823-A71C-DC08B0F56140}.Debug|Any CPU.ActiveCfg = Debug|Any CPU
		{D80192D6-72F7-4823-A71C-DC08B0F56140}.Debug|Any CPU.Build.0 = Debug|Any CPU
		{D80192D6-72F7-4823-A71C-DC08B0F56140}.Release|Any CPU.ActiveCfg = Release|Any CPU
		{D80192D6-72F7-4823-A71C-DC08B0F56140}.Release|Any CPU.Build.0 = Release|Any CPU
	EndGlobalSection
	GlobalSection(SolutionProperties) = preSolution
		HideSolutionNode = FALSE
	EndGlobalSection
	GlobalSection(NestedProjects) = preSolution
		{630148F7-6F97-42B5-9005-FB83ADB2DB98} = {9FC6D38D-5046-4B9D-8D2B-3321903DD243}
		{2ED4AE23-1197-41D8-9261-8872CE25B83C} = {9FC6D38D-5046-4B9D-8D2B-3321903DD243}
		{1543A402-8619-4579-8DC2-E2F34B569658} = {9FC6D38D-5046-4B9D-8D2B-3321903DD243}
		{236857AD-92C6-48DE-A95C-E42A275CBC8C} = {9FC6D38D-5046-4B9D-8D2B-3321903DD243}
		{EE5A9BE4-BAEF-4804-9562-8FFE70CFE3C8} = {9FC6D38D-5046-4B9D-8D2B-3321903DD243}
		{6177BF6C-BBA4-4BFE-8D35-E1AF07E1CD04} = {9FC6D38D-5046-4B9D-8D2B-3321903DD243}
		{122FD946-2812-424E-8129-0B643470D734} = {FFDC4E6C-2608-4D33-B8E2-20CFD628DEAA}
		{9844A9AA-7C33-4CD6-BA45-912F8D846AD0} = {FFDC4E6C-2608-4D33-B8E2-20CFD628DEAA}
		{96943F8B-8CD4-4713-BC81-782C42E2706B} = {FFDC4E6C-2608-4D33-B8E2-20CFD628DEAA}
		{71E6CB0B-E25C-4D2F-AE1C-352328A6FBBA} = {FFDC4E6C-2608-4D33-B8E2-20CFD628DEAA}
		{3C0F9CD6-8441-4A98-A198-F27E6DC32B9C} = {FFDC4E6C-2608-4D33-B8E2-20CFD628DEAA}
		{68639933-3E29-44B7-8AF6-6ED489FF7DF5} = {FFDC4E6C-2608-4D33-B8E2-20CFD628DEAA}
		{66B370E0-C745-4400-9DD2-D01BADA94A3B} = {FFDC4E6C-2608-4D33-B8E2-20CFD628DEAA}
		{23358968-CC00-4675-A1C0-51C64FA17200} = {F225A6D1-A9A6-476E-8907-BE8B37C2FAF7}
		{E3A3FAD9-BE35-4A0C-9922-D474A0723273} = {F225A6D1-A9A6-476E-8907-BE8B37C2FAF7}
		{4D71AD43-E1BB-4C03-8554-CF0B8AE89FC3} = {F225A6D1-A9A6-476E-8907-BE8B37C2FAF7}
		{CB29F04D-1800-40BA-8037-87AC174D044F} = {F225A6D1-A9A6-476E-8907-BE8B37C2FAF7}
		{2D19D8B3-A26F-41EC-B5F7-0D1003AE21E4} = {F225A6D1-A9A6-476E-8907-BE8B37C2FAF7}
		{4E60F517-0D90-4A22-BCB6-11DB1F7E4D43} = {F225A6D1-A9A6-476E-8907-BE8B37C2FAF7}
		{8FE73E32-FA45-4705-8FA0-B31DA1B58DC7} = {F225A6D1-A9A6-476E-8907-BE8B37C2FAF7}
		{6AEF5084-7438-428B-B894-77193E79FF46} = {F225A6D1-A9A6-476E-8907-BE8B37C2FAF7}
		{C2E6C16F-7F8B-46ED-A066-A9EC54125136} = {F225A6D1-A9A6-476E-8907-BE8B37C2FAF7}
		{D80192D6-72F7-4823-A71C-DC08B0F56140} = {F225A6D1-A9A6-476E-8907-BE8B37C2FAF7}
	EndGlobalSection
	GlobalSection(ExtensibilityGlobals) = postSolution
		SolutionGuid = {FD99E721-64C2-4FA6-8666-4E714401AE7B}
	EndGlobalSection
EndGlobal
